// !$*UTF8*$!
{
	archiveVersion = 1;
	classes = {
	};
	objectVersion = 50;
	objects = {

/* Begin PBXBuildFile section */
		6B329FA170E63E62D89E2D01 /* Pods_Meetup_App.framework in Frameworks */ = {isa = PBXBuildFile; fileRef = B049ADC9DCD4CC64E957E615 /* Pods_Meetup_App.framework */; };
		770E0208224A9C5300DB5A05 /* AppDelegate.swift in Sources */ = {isa = PBXBuildFile; fileRef = 770E0207224A9C5300DB5A05 /* AppDelegate.swift */; };
		770E020A224A9C5300DB5A05 /* ViewController.swift in Sources */ = {isa = PBXBuildFile; fileRef = 770E0209224A9C5300DB5A05 /* ViewController.swift */; };
		770E020D224A9C5300DB5A05 /* Main.storyboard in Resources */ = {isa = PBXBuildFile; fileRef = 770E020B224A9C5300DB5A05 /* Main.storyboard */; };
		770E020F224A9C5400DB5A05 /* Assets.xcassets in Resources */ = {isa = PBXBuildFile; fileRef = 770E020E224A9C5400DB5A05 /* Assets.xcassets */; };
		770E0212224A9C5400DB5A05 /* LaunchScreen.storyboard in Resources */ = {isa = PBXBuildFile; fileRef = 770E0210224A9C5400DB5A05 /* LaunchScreen.storyboard */; };
/* End PBXBuildFile section */

/* Begin PBXFileReference section */
		26FCBBF680961F370C84E0AE /* Pods-Meetup App.debug.xcconfig */ = {isa = PBXFileReference; includeInIndex = 1; lastKnownFileType = text.xcconfig; name = "Pods-Meetup App.debug.xcconfig"; path = "Target Support Files/Pods-Meetup App/Pods-Meetup App.debug.xcconfig"; sourceTree = "<group>"; };
		770E0204224A9C5300DB5A05 /* Meetup App.app */ = {isa = PBXFileReference; explicitFileType = wrapper.application; includeInIndex = 0; path = "Meetup App.app"; sourceTree = BUILT_PRODUCTS_DIR; };
		770E0207224A9C5300DB5A05 /* AppDelegate.swift */ = {isa = PBXFileReference; lastKnownFileType = sourcecode.swift; path = AppDelegate.swift; sourceTree = "<group>"; };
		770E0209224A9C5300DB5A05 /* ViewController.swift */ = {isa = PBXFileReference; lastKnownFileType = sourcecode.swift; path = ViewController.swift; sourceTree = "<group>"; };
		770E020C224A9C5300DB5A05 /* Base */ = {isa = PBXFileReference; lastKnownFileType = file.storyboard; name = Base; path = Base.lproj/Main.storyboard; sourceTree = "<group>"; };
		770E020E224A9C5400DB5A05 /* Assets.xcassets */ = {isa = PBXFileReference; lastKnownFileType = folder.assetcatalog; path = Assets.xcassets; sourceTree = "<group>"; };
		770E0211224A9C5400DB5A05 /* Base */ = {isa = PBXFileReference; lastKnownFileType = file.storyboard; name = Base; path = Base.lproj/LaunchScreen.storyboard; sourceTree = "<group>"; };
		770E0213224A9C5400DB5A05 /* Info.plist */ = {isa = PBXFileReference; lastKnownFileType = text.plist.xml; path = Info.plist; sourceTree = "<group>"; };
		99B2A77F9C45C3876FD02BCD /* Pods-Meetup App.release.xcconfig */ = {isa = PBXFileReference; includeInIndex = 1; lastKnownFileType = text.xcconfig; name = "Pods-Meetup App.release.xcconfig"; path = "Target Support Files/Pods-Meetup App/Pods-Meetup App.release.xcconfig"; sourceTree = "<group>"; };
		B049ADC9DCD4CC64E957E615 /* Pods_Meetup_App.framework */ = {isa = PBXFileReference; explicitFileType = wrapper.framework; includeInIndex = 0; path = Pods_Meetup_App.framework; sourceTree = BUILT_PRODUCTS_DIR; };
/* End PBXFileReference section */

/* Begin PBXFrameworksBuildPhase section */
		770E0201224A9C5300DB5A05 /* Frameworks */ = {
			isa = PBXFrameworksBuildPhase;
			buildActionMask = 2147483647;
			files = (
				6B329FA170E63E62D89E2D01 /* Pods_Meetup_App.framework in Frameworks */,
			);
			runOnlyForDeploymentPostprocessing = 0;
		};
/* End PBXFrameworksBuildPhase section */

/* Begin PBXGroup section */
		770E01FB224A9C5300DB5A05 = {
			isa = PBXGroup;
			children = (
				770E0206224A9C5300DB5A05 /* Meetup App */,
				770E0205224A9C5300DB5A05 /* Products */,
				F4B2E8E96449C75A2DC144B0 /* Pods */,
				D81908E2B4AD441394B0389A /* Frameworks */,
			);
			sourceTree = "<group>";
		};
		770E0205224A9C5300DB5A05 /* Products */ = {
			isa = PBXGroup;
			children = (
				770E0204224A9C5300DB5A05 /* Meetup App.app */,
			);
			name = Products;
			sourceTree = "<group>";
		};
		770E0206224A9C5300DB5A05 /* Meetup App */ = {
			isa = PBXGroup;
			children = (
				770E021B224A9D1100DB5A05 /* Controller */,
				770E021A224A9D0D00DB5A05 /* View */,
				770E0219224A9D0500DB5A05 /* Model */,
				770E020E224A9C5400DB5A05 /* Assets.xcassets */,
				770E0213224A9C5400DB5A05 /* Info.plist */,
			);
			path = "Meetup App";
			sourceTree = "<group>";
		};
		770E0219224A9D0500DB5A05 /* Model */ = {
			isa = PBXGroup;
			children = (
			);
			path = Model;
			sourceTree = "<group>";
		};
		770E021A224A9D0D00DB5A05 /* View */ = {
			isa = PBXGroup;
			children = (
				770E0210224A9C5400DB5A05 /* LaunchScreen.storyboard */,
				770E020B224A9C5300DB5A05 /* Main.storyboard */,
			);
			path = View;
			sourceTree = "<group>";
		};
		770E021B224A9D1100DB5A05 /* Controller */ = {
			isa = PBXGroup;
			children = (
				770E0209224A9C5300DB5A05 /* ViewController.swift */,
				770E0207224A9C5300DB5A05 /* AppDelegate.swift */,
			);
			path = Controller;
			sourceTree = "<group>";
		};
		D81908E2B4AD441394B0389A /* Frameworks */ = {
			isa = PBXGroup;
			children = (
				B049ADC9DCD4CC64E957E615 /* Pods_Meetup_App.framework */,
			);
			name = Frameworks;
			sourceTree = "<group>";
		};
		F4B2E8E96449C75A2DC144B0 /* Pods */ = {
			isa = PBXGroup;
			children = (
				26FCBBF680961F370C84E0AE /* Pods-Meetup App.debug.xcconfig */,
				99B2A77F9C45C3876FD02BCD /* Pods-Meetup App.release.xcconfig */,
			);
			path = Pods;
			sourceTree = "<group>";
		};
/* End PBXGroup section */

/* Begin PBXNativeTarget section */
		770E0203224A9C5300DB5A05 /* Meetup App */ = {
			isa = PBXNativeTarget;
			buildConfigurationList = 770E0216224A9C5400DB5A05 /* Build configuration list for PBXNativeTarget "Meetup App" */;
			buildPhases = (
				A866EAE6A809A4612B0D66FC /* [CP] Check Pods Manifest.lock */,
				770E0200224A9C5300DB5A05 /* Sources */,
				770E0201224A9C5300DB5A05 /* Frameworks */,
				770E0202224A9C5300DB5A05 /* Resources */,
				6BC7D8D61EEC3E31BE042282 /* [CP] Embed Pods Frameworks */,
			);
			buildRules = (
			);
			dependencies = (
			);
			name = "Meetup App";
			productName = "Meetup App";
			productReference = 770E0204224A9C5300DB5A05 /* Meetup App.app */;
			productType = "com.apple.product-type.application";
		};
/* End PBXNativeTarget section */

/* Begin PBXProject section */
		770E01FC224A9C5300DB5A05 /* Project object */ = {
			isa = PBXProject;
			attributes = {
				LastSwiftUpdateCheck = 1020;
				LastUpgradeCheck = 1020;
				ORGANIZATIONNAME = "German Hernandez";
				TargetAttributes = {
					770E0203224A9C5300DB5A05 = {
						CreatedOnToolsVersion = 10.2;
					};
				};
			};
			buildConfigurationList = 770E01FF224A9C5300DB5A05 /* Build configuration list for PBXProject "Meetup App" */;
			compatibilityVersion = "Xcode 9.3";
			developmentRegion = en;
			hasScannedForEncodings = 0;
			knownRegions = (
				en,
				Base,
			);
			mainGroup = 770E01FB224A9C5300DB5A05;
			productRefGroup = 770E0205224A9C5300DB5A05 /* Products */;
			projectDirPath = "";
			projectRoot = "";
			targets = (
				770E0203224A9C5300DB5A05 /* Meetup App */,
			);
		};
/* End PBXProject section */

/* Begin PBXResourcesBuildPhase section */
		770E0202224A9C5300DB5A05 /* Resources */ = {
			isa = PBXResourcesBuildPhase;
			buildActionMask = 2147483647;
			files = (
				770E0212224A9C5400DB5A05 /* LaunchScreen.storyboard in Resources */,
				770E020F224A9C5400DB5A05 /* Assets.xcassets in Resources */,
				770E020D224A9C5300DB5A05 /* Main.storyboard in Resources */,
			);
			runOnlyForDeploymentPostprocessing = 0;
		};
/* End PBXResourcesBuildPhase section */

/* Begin PBXShellScriptBuildPhase section */
		6BC7D8D61EEC3E31BE042282 /* [CP] Embed Pods Frameworks */ = {
			isa = PBXShellScriptBuildPhase;
			buildActionMask = 2147483647;
			files = (
			);
			inputFileListPaths = (
			);
			inputPaths = (
				"${PODS_ROOT}/Target Support Files/Pods-Meetup App/Pods-Meetup App-frameworks.sh",
				"${BUILT_PRODUCTS_DIR}/Alamofire/Alamofire.framework",
				"${BUILT_PRODUCTS_DIR}/SwiftyJSON/SwiftyJSON.framework",
			);
			name = "[CP] Embed Pods Frameworks";
			outputFileListPaths = (
			);
			outputPaths = (
				"${TARGET_BUILD_DIR}/${FRAMEWORKS_FOLDER_PATH}/Alamofire.framework",
				"${TARGET_BUILD_DIR}/${FRAMEWORKS_FOLDER_PATH}/SwiftyJSON.framework",
			);
			runOnlyForDeploymentPostprocessing = 0;
			shellPath = /bin/sh;
			shellScript = "\"${PODS_ROOT}/Target Support Files/Pods-Meetup App/Pods-Meetup App-frameworks.sh\"\n";
			showEnvVarsInLog = 0;
		};
		A866EAE6A809A4612B0D66FC /* [CP] Check Pods Manifest.lock */ = {
			isa = PBXShellScriptBuildPhase;
			buildActionMask = 2147483647;
			files = (
			);
			inputFileListPaths = (
			);
			inputPaths = (
				"${PODS_PODFILE_DIR_PATH}/Podfile.lock",
				"${PODS_ROOT}/Manifest.lock",
			);
			name = "[CP] Check Pods Manifest.lock";
			outputFileListPaths = (
			);
			outputPaths = (
				"$(DERIVED_FILE_DIR)/Pods-Meetup App-checkManifestLockResult.txt",
			);
			runOnlyForDeploymentPostprocessing = 0;
			shellPath = /bin/sh;
			shellScript = "diff \"${PODS_PODFILE_DIR_PATH}/Podfile.lock\" \"${PODS_ROOT}/Manifest.lock\" > /dev/null\nif [ $? != 0 ] ; then\n    # print error to STDERR\n    echo \"error: The sandbox is not in sync with the Podfile.lock. Run 'pod install' or update your CocoaPods installation.\" >&2\n    exit 1\nfi\n# This output is used by Xcode 'outputs' to avoid re-running this script phase.\necho \"SUCCESS\" > \"${SCRIPT_OUTPUT_FILE_0}\"\n";
			showEnvVarsInLog = 0;
		};
/* End PBXShellScriptBuildPhase section */

/* Begin PBXSourcesBuildPhase section */
		770E0200224A9C5300DB5A05 /* Sources */ = {
			isa = PBXSourcesBuildPhase;
			buildActionMask = 2147483647;
			files = (
				770E020A224A9C5300DB5A05 /* ViewController.swift in Sources */,
				770E0208224A9C5300DB5A05 /* AppDelegate.swift in Sources */,
			);
			runOnlyForDeploymentPostprocessing = 0;
		};
/* End PBXSourcesBuildPhase section */

/* Begin PBXVariantGroup section */
		770E020B224A9C5300DB5A05 /* Main.storyboard */ = {
			isa = PBXVariantGroup;
			children = (
				770E020C224A9C5300DB5A05 /* Base */,
			);
			name = Main.storyboard;
			sourceTree = "<group>";
		};
		770E0210224A9C5400DB5A05 /* LaunchScreen.storyboard */ = {
			isa = PBXVariantGroup;
			children = (
				770E0211224A9C5400DB5A05 /* Base */,
			);
			name = LaunchScreen.storyboard;
			sourceTree = "<group>";
		};
/* End PBXVariantGroup section */

/* Begin XCBuildConfiguration section */
		770E0214224A9C5400DB5A05 /* Debug */ = {
			isa = XCBuildConfiguration;
			buildSettings = {
				ALWAYS_SEARCH_USER_PATHS = NO;
				CLANG_ANALYZER_NONNULL = YES;
				CLANG_ANALYZER_NUMBER_OBJECT_CONVERSION = YES_AGGRESSIVE;
				CLANG_CXX_LANGUAGE_STANDARD = "gnu++14";
				CLANG_CXX_LIBRARY = "libc++";
				CLANG_ENABLE_MODULES = YES;
				CLANG_ENABLE_OBJC_ARC = YES;
				CLANG_ENABLE_OBJC_WEAK = YES;
				CLANG_WARN_BLOCK_CAPTURE_AUTORELEASING = YES;
				CLANG_WARN_BOOL_CONVERSION = YES;
				CLANG_WARN_COMMA = YES;
				CLANG_WARN_CONSTANT_CONVERSION = YES;
				CLANG_WARN_DEPRECATED_OBJC_IMPLEMENTATIONS = YES;
				CLANG_WARN_DIRECT_OBJC_ISA_USAGE = YES_ERROR;
				CLANG_WARN_DOCUMENTATION_COMMENTS = YES;
				CLANG_WARN_EMPTY_BODY = YES;
				CLANG_WARN_ENUM_CONVERSION = YES;
				CLANG_WARN_INFINITE_RECURSION = YES;
				CLANG_WARN_INT_CONVERSION = YES;
				CLANG_WARN_NON_LITERAL_NULL_CONVERSION = YES;
				CLANG_WARN_OBJC_IMPLICIT_RETAIN_SELF = YES;
				CLANG_WARN_OBJC_LITERAL_CONVERSION = YES;
				CLANG_WARN_OBJC_ROOT_CLASS = YES_ERROR;
				CLANG_WARN_RANGE_LOOP_ANALYSIS = YES;
				CLANG_WARN_STRICT_PROTOTYPES = YES;
				CLANG_WARN_SUSPICIOUS_MOVE = YES;
				CLANG_WARN_UNGUARDED_AVAILABILITY = YES_AGGRESSIVE;
				CLANG_WARN_UNREACHABLE_CODE = YES;
				CLANG_WARN__DUPLICATE_METHOD_MATCH = YES;
				CODE_SIGN_IDENTITY = "iPhone Developer";
				COPY_PHASE_STRIP = NO;
				DEBUG_INFORMATION_FORMAT = dwarf;
				ENABLE_STRICT_OBJC_MSGSEND = YES;
				ENABLE_TESTABILITY = YES;
				GCC_C_LANGUAGE_STANDARD = gnu11;
				GCC_DYNAMIC_NO_PIC = NO;
				GCC_NO_COMMON_BLOCKS = YES;
				GCC_OPTIMIZATION_LEVEL = 0;
				GCC_PREPROCESSOR_DEFINITIONS = (
					"DEBUG=1",
					"$(inherited)",
				);
				GCC_WARN_64_TO_32_BIT_CONVERSION = YES;
				GCC_WARN_ABOUT_RETURN_TYPE = YES_ERROR;
				GCC_WARN_UNDECLARED_SELECTOR = YES;
				GCC_WARN_UNINITIALIZED_AUTOS = YES_AGGRESSIVE;
				GCC_WARN_UNUSED_FUNCTION = YES;
				GCC_WARN_UNUSED_VARIABLE = YES;
				IPHONEOS_DEPLOYMENT_TARGET = 12.2;
				MTL_ENABLE_DEBUG_INFO = INCLUDE_SOURCE;
				MTL_FAST_MATH = YES;
				ONLY_ACTIVE_ARCH = YES;
				SDKROOT = iphoneos;
				SWIFT_ACTIVE_COMPILATION_CONDITIONS = DEBUG;
				SWIFT_OPTIMIZATION_LEVEL = "-Onone";
			};
			name = Debug;
		};
		770E0215224A9C5400DB5A05 /* Release */ = {
			isa = XCBuildConfiguration;
			buildSettings = {
				ALWAYS_SEARCH_USER_PATHS = NO;
				CLANG_ANALYZER_NONNULL = YES;
				CLANG_ANALYZER_NUMBER_OBJECT_CONVERSION = YES_AGGRESSIVE;
				CLANG_CXX_LANGUAGE_STANDARD = "gnu++14";
				CLANG_CXX_LIBRARY = "libc++";
				CLANG_ENABLE_MODULES = YES;
				CLANG_ENABLE_OBJC_ARC = YES;
				CLANG_ENABLE_OBJC_WEAK = YES;
				CLANG_WARN_BLOCK_CAPTURE_AUTORELEASING = YES;
				CLANG_WARN_BOOL_CONVERSION = YES;
				CLANG_WARN_COMMA = YES;
				CLANG_WARN_CONSTANT_CONVERSION = YES;
				CLANG_WARN_DEPRECATED_OBJC_IMPLEMENTATIONS = YES;
				CLANG_WARN_DIRECT_OBJC_ISA_USAGE = YES_ERROR;
				CLANG_WARN_DOCUMENTATION_COMMENTS = YES;
				CLANG_WARN_EMPTY_BODY = YES;
				CLANG_WARN_ENUM_CONVERSION = YES;
				CLANG_WARN_INFINITE_RECURSION = YES;
				CLANG_WARN_INT_CONVERSION = YES;
				CLANG_WARN_NON_LITERAL_NULL_CONVERSION = YES;
				CLANG_WARN_OBJC_IMPLICIT_RETAIN_SELF = YES;
				CLANG_WARN_OBJC_LITERAL_CONVERSION = YES;
				CLANG_WARN_OBJC_ROOT_CLASS = YES_ERROR;
				CLANG_WARN_RANGE_LOOP_ANALYSIS = YES;
				CLANG_WARN_STRICT_PROTOTYPES = YES;
				CLANG_WARN_SUSPICIOUS_MOVE = YES;
				CLANG_WARN_UNGUARDED_AVAILABILITY = YES_AGGRESSIVE;
				CLANG_WARN_UNREACHABLE_CODE = YES;
				CLANG_WARN__DUPLICATE_METHOD_MATCH = YES;
				CODE_SIGN_IDENTITY = "iPhone Developer";
				COPY_PHASE_STRIP = NO;
				DEBUG_INFORMATION_FORMAT = "dwarf-with-dsym";
				ENABLE_NS_ASSERTIONS = NO;
				ENABLE_STRICT_OBJC_MSGSEND = YES;
				GCC_C_LANGUAGE_STANDARD = gnu11;
				GCC_NO_COMMON_BLOCKS = YES;
				GCC_WARN_64_TO_32_BIT_CONVERSION = YES;
				GCC_WARN_ABOUT_RETURN_TYPE = YES_ERROR;
				GCC_WARN_UNDECLARED_SELECTOR = YES;
				GCC_WARN_UNINITIALIZED_AUTOS = YES_AGGRESSIVE;
				GCC_WARN_UNUSED_FUNCTION = YES;
				GCC_WARN_UNUSED_VARIABLE = YES;
				IPHONEOS_DEPLOYMENT_TARGET = 12.2;
				MTL_ENABLE_DEBUG_INFO = NO;
				MTL_FAST_MATH = YES;
				SDKROOT = iphoneos;
				SWIFT_COMPILATION_MODE = wholemodule;
				SWIFT_OPTIMIZATION_LEVEL = "-O";
				VALIDATE_PRODUCT = YES;
			};
			name = Release;
		};
		770E0217224A9C5400DB5A05 /* Debug */ = {
			isa = XCBuildConfiguration;
			baseConfigurationReference = 26FCBBF680961F370C84E0AE /* Pods-Meetup App.debug.xcconfig */;
			buildSettings = {
				ASSETCATALOG_COMPILER_APPICON_NAME = AppIcon;
				CODE_SIGN_STYLE = Automatic;
				DEVELOPMENT_TEAM = HXU4QPBL2H;
				INFOPLIST_FILE = "Meetup App/Info.plist";
				LD_RUNPATH_SEARCH_PATHS = (
					"$(inherited)",
					"@executable_path/Frameworks",
				);
				PRODUCT_BUNDLE_IDENTIFIER = "com.germanhernandez.Meetup-App";
				PRODUCT_NAME = "$(TARGET_NAME)";
				SWIFT_VERSION = 5.0;
				TARGETED_DEVICE_FAMILY = "1,2";
			};
			name = Debug;
		};
		770E0218224A9C5400DB5A05 /* Release */ = {
			isa = XCBuildConfiguration;
			baseConfigurationReference = 99B2A77F9C45C3876FD02BCD /* Pods-Meetup App.release.xcconfig */;
			buildSettings = {
				ASSETCATALOG_COMPILER_APPICON_NAME = AppIcon;
				CODE_SIGN_STYLE = Automatic;
				DEVELOPMENT_TEAM = HXU4QPBL2H;
				INFOPLIST_FILE = "Meetup App/Info.plist";
				LD_RUNPATH_SEARCH_PATHS = (
					"$(inherited)",
					"@executable_path/Frameworks",
				);
				PRODUCT_BUNDLE_IDENTIFIER = "com.germanhernandez.Meetup-App";
				PRODUCT_NAME = "$(TARGET_NAME)";
				SWIFT_VERSION = 5.0;
				TARGETED_DEVICE_FAMILY = "1,2";
			};
			name = Release;
		};
/* End XCBuildConfiguration section */

/* Begin XCConfigurationList section */
		770E01FF224A9C5300DB5A05 /* Build configuration list for PBXProject "Meetup App" */ = {
			isa = XCConfigurationList;
			buildConfigurations = (
				770E0214224A9C5400DB5A05 /* Debug */,
				770E0215224A9C5400DB5A05 /* Release */,
			);
			defaultConfigurationIsVisible = 0;
			defaultConfigurationName = Release;
		};
		770E0216224A9C5400DB5A05 /* Build configuration list for PBXNativeTarget "Meetup App" */ = {
			isa = XCConfigurationList;
			buildConfigurations = (
				770E0217224A9C5400DB5A05 /* Debug */,
				770E0218224A9C5400DB5A05 /* Release */,
			);
			defaultConfigurationIsVisible = 0;
			defaultConfigurationName = Release;
		};
/* End XCConfigurationList section */
	};
	rootObject = 770E01FC224A9C5300DB5A05 /* Project object */;
}
